{
  "version": 4,
  "terraform_version": "1.13.5",
  "serial": 15,
  "lineage": "294c41bd-9a42-a94d-286d-4c9b95e066fe",
  "outputs": {
    "deployment_summary": {
      "value": {
        "public_ip": "4.193.187.133",
        "redis_endpoint": null,
        "ssh_access": "ssh azureuser@4.193.187.133"
      },
      "type": [
        "object",
        {
          "public_ip": "string",
          "redis_endpoint": "string",
          "ssh_access": "string"
        }
      ]
    },
    "nsg_id": {
      "value": "/subscriptions/fffb9850-32cd-4b14-94dd-89cc47187dc2/resourceGroups/rg-test-app/providers/Microsoft.Network/networkSecurityGroups/prod-nsg",
      "type": "string"
    },
    "private_ip_address": {
      "value": "10.0.1.4",
      "type": "string"
    },
    "public_ip_address": {
      "value": "4.193.187.133",
      "type": "string"
    },
    "public_ip_id": {
      "value": "/subscriptions/fffb9850-32cd-4b14-94dd-89cc47187dc2/resourceGroups/rg-test-app/providers/Microsoft.Network/publicIPAddresses/prod-pip",
      "type": "string"
    },
    "redis_cache_hostname": {
      "value": null,
      "type": "string"
    },
    "redis_cache_port": {
      "value": null,
      "type": "number"
    },
    "redis_cache_ssl_port": {
      "value": null,
      "type": "number"
    },
    "redis_connection_string": {
      "value": null,
      "type": "string",
      "sensitive": true
    },
    "redis_primary_access_key": {
      "value": null,
      "type": "string",
      "sensitive": true
    },
    "resource_group_id": {
      "value": "/subscriptions/fffb9850-32cd-4b14-94dd-89cc47187dc2/resourceGroups/rg-test-app",
      "type": "string"
    },
    "resource_group_name": {
      "value": "rg-test-app",
      "type": "string"
    },
    "ssh_connection_string": {
      "value": "ssh azureuser@4.193.187.133",
      "type": "string"
    },
    "subnet_id": {
      "value": "/subscriptions/fffb9850-32cd-4b14-94dd-89cc47187dc2/resourceGroups/rg-test-app/providers/Microsoft.Network/virtualNetworks/prod-vnet/subnets/prod-subnet",
      "type": "string"
    },
    "virtual_network_id": {
      "value": "/subscriptions/fffb9850-32cd-4b14-94dd-89cc47187dc2/resourceGroups/rg-test-app/providers/Microsoft.Network/virtualNetworks/prod-vnet",
      "type": "string"
    },
    "vm_admin_username": {
      "value": "azureuser",
      "type": "string"
    },
    "vm_id": {
      "value": null,
      "type": "string"
    },
    "vm_name": {
      "value": "vm-app-server",
      "type": "string"
    }
  },
  "resources": [
    {
      "mode": "managed",
      "type": "azurerm_network_interface",
      "name": "main",
      "provider": "provider[\"registry.terraform.io/hashicorp/azurerm\"]",
      "instances": [
        {
          "schema_version": 0,
          "attributes": {
            "accelerated_networking_enabled": false,
            "applied_dns_servers": [],
            "auxiliary_mode": "",
            "auxiliary_sku": "",
            "dns_servers": [],
            "edge_zone": "",
            "enable_accelerated_networking": false,
            "enable_ip_forwarding": false,
            "id": "/subscriptions/fffb9850-32cd-4b14-94dd-89cc47187dc2/resourceGroups/rg-test-app/providers/Microsoft.Network/networkInterfaces/prod-nic",
            "internal_dns_name_label": "",
            "internal_domain_name_suffix": "3yaqjr5ozdmu5nmvtwuceaodwe.ix.internal.cloudapp.net",
            "ip_configuration": [
              {
                "gateway_load_balancer_frontend_ip_configuration_id": "",
                "name": "primary",
                "primary": true,
                "private_ip_address": "10.0.1.4",
                "private_ip_address_allocation": "Dynamic",
                "private_ip_address_version": "IPv4",
                "public_ip_address_id": "/subscriptions/fffb9850-32cd-4b14-94dd-89cc47187dc2/resourceGroups/rg-test-app/providers/Microsoft.Network/publicIPAddresses/prod-pip",
                "subnet_id": "/subscriptions/fffb9850-32cd-4b14-94dd-89cc47187dc2/resourceGroups/rg-test-app/providers/Microsoft.Network/virtualNetworks/prod-vnet/subnets/prod-subnet"
              }
            ],
            "ip_forwarding_enabled": false,
            "location": "southeastasia",
            "mac_address": "",
            "name": "prod-nic",
            "private_ip_address": "10.0.1.4",
            "private_ip_addresses": [
              "10.0.1.4"
            ],
            "resource_group_name": "rg-test-app",
            "tags": {},
            "timeouts": null,
            "virtual_machine_id": ""
          },
          "sensitive_attributes": [],
          "identity_schema_version": 0,
          "private": "eyJlMmJmYjczMC1lY2FhLTExZTYtOGY4OC0zNDM2M2JjN2M0YzAiOnsiY3JlYXRlIjoxODAwMDAwMDAwMDAwLCJkZWxldGUiOjE4MDAwMDAwMDAwMDAsInJlYWQiOjMwMDAwMDAwMDAwMCwidXBkYXRlIjoxODAwMDAwMDAwMDAwfX0=",
          "dependencies": [
            "azurerm_public_ip.main",
            "azurerm_resource_group.main",
            "azurerm_subnet.main",
            "azurerm_virtual_network.main"
          ]
        }
      ]
    },
    {
      "mode": "managed",
      "type": "azurerm_network_security_group",
      "name": "main",
      "provider": "provider[\"registry.terraform.io/hashicorp/azurerm\"]",
      "instances": [
        {
          "schema_version": 0,
          "attributes": {
            "id": "/subscriptions/fffb9850-32cd-4b14-94dd-89cc47187dc2/resourceGroups/rg-test-app/providers/Microsoft.Network/networkSecurityGroups/prod-nsg",
            "location": "southeastasia",
            "name": "prod-nsg",
            "resource_group_name": "rg-test-app",
            "security_rule": [
              {
                "access": "Allow",
                "description": "",
                "destination_address_prefix": "*",
                "destination_address_prefixes": [],
                "destination_application_security_group_ids": [],
                "destination_port_range": "22",
                "destination_port_ranges": [],
                "direction": "Inbound",
                "name": "AllowSSH",
                "priority": 102,
                "protocol": "Tcp",
                "source_address_prefix": "*",
                "source_address_prefixes": [],
                "source_application_security_group_ids": [],
                "source_port_range": "*",
                "source_port_ranges": []
              },
              {
                "access": "Allow",
                "description": "",
                "destination_address_prefix": "*",
                "destination_address_prefixes": [],
                "destination_application_security_group_ids": [],
                "destination_port_range": "443",
                "destination_port_ranges": [],
                "direction": "Inbound",
                "name": "AllowHTTPS",
                "priority": 101,
                "protocol": "Tcp",
                "source_address_prefix": "*",
                "source_address_prefixes": [],
                "source_application_security_group_ids": [],
                "source_port_range": "*",
                "source_port_ranges": []
              },
              {
                "access": "Allow",
                "description": "",
                "destination_address_prefix": "*",
                "destination_address_prefixes": [],
                "destination_application_security_group_ids": [],
                "destination_port_range": "80",
                "destination_port_ranges": [],
                "direction": "Inbound",
                "name": "AllowHTTP",
                "priority": 100,
                "protocol": "Tcp",
                "source_address_prefix": "*",
                "source_address_prefixes": [],
                "source_application_security_group_ids": [],
                "source_port_range": "*",
                "source_port_ranges": []
              }
            ],
            "tags": {},
            "timeouts": null
          },
          "sensitive_attributes": [],
          "identity_schema_version": 0,
          "private": "eyJlMmJmYjczMC1lY2FhLTExZTYtOGY4OC0zNDM2M2JjN2M0YzAiOnsiY3JlYXRlIjoxODAwMDAwMDAwMDAwLCJkZWxldGUiOjE4MDAwMDAwMDAwMDAsInJlYWQiOjMwMDAwMDAwMDAwMCwidXBkYXRlIjoxODAwMDAwMDAwMDAwfX0=",
          "dependencies": [
            "azurerm_resource_group.main"
          ]
        }
      ]
    },
    {
      "mode": "managed",
      "type": "azurerm_public_ip",
      "name": "main",
      "provider": "provider[\"registry.terraform.io/hashicorp/azurerm\"]",
      "instances": [
        {
          "schema_version": 0,
          "attributes": {
            "allocation_method": "Static",
            "ddos_protection_mode": "VirtualNetworkInherited",
            "ddos_protection_plan_id": null,
            "domain_name_label": null,
            "edge_zone": "",
            "fqdn": null,
            "id": "/subscriptions/fffb9850-32cd-4b14-94dd-89cc47187dc2/resourceGroups/rg-test-app/providers/Microsoft.Network/publicIPAddresses/prod-pip",
            "idle_timeout_in_minutes": 4,
            "ip_address": "4.193.187.133",
            "ip_tags": {},
            "ip_version": "IPv4",
            "location": "southeastasia",
            "name": "prod-pip",
            "public_ip_prefix_id": null,
            "resource_group_name": "rg-test-app",
            "reverse_fqdn": null,
            "sku": "Standard",
            "sku_tier": "Regional",
            "tags": {},
            "timeouts": null,
            "zones": []
          },
          "sensitive_attributes": [],
          "identity_schema_version": 0,
          "private": "eyJlMmJmYjczMC1lY2FhLTExZTYtOGY4OC0zNDM2M2JjN2M0YzAiOnsiY3JlYXRlIjoxODAwMDAwMDAwMDAwLCJkZWxldGUiOjE4MDAwMDAwMDAwMDAsInJlYWQiOjMwMDAwMDAwMDAwMCwidXBkYXRlIjoxODAwMDAwMDAwMDAwfX0=",
          "dependencies": [
            "azurerm_resource_group.main"
          ]
        }
      ]
    },
    {
      "mode": "managed",
      "type": "azurerm_resource_group",
      "name": "main",
      "provider": "provider[\"registry.terraform.io/hashicorp/azurerm\"]",
      "instances": [
        {
          "schema_version": 0,
          "attributes": {
            "id": "/subscriptions/fffb9850-32cd-4b14-94dd-89cc47187dc2/resourceGroups/rg-test-app",
            "location": "southeastasia",
            "managed_by": "",
            "name": "rg-test-app",
            "tags": {},
            "timeouts": null
          },
          "sensitive_attributes": [],
          "identity_schema_version": 0,
          "private": "eyJlMmJmYjczMC1lY2FhLTExZTYtOGY4OC0zNDM2M2JjN2M0YzAiOnsiY3JlYXRlIjo1NDAwMDAwMDAwMDAwLCJkZWxldGUiOjU0MDAwMDAwMDAwMDAsInJlYWQiOjMwMDAwMDAwMDAwMCwidXBkYXRlIjo1NDAwMDAwMDAwMDAwfX0="
        }
      ]
    },
    {
      "mode": "managed",
      "type": "azurerm_subnet",
      "name": "main",
      "provider": "provider[\"registry.terraform.io/hashicorp/azurerm\"]",
      "instances": [
        {
          "schema_version": 0,
          "attributes": {
            "address_prefixes": [
              "10.0.1.0/24"
            ],
            "default_outbound_access_enabled": true,
            "delegation": [],
            "enforce_private_link_endpoint_network_policies": false,
            "enforce_private_link_service_network_policies": false,
            "id": "/subscriptions/fffb9850-32cd-4b14-94dd-89cc47187dc2/resourceGroups/rg-test-app/providers/Microsoft.Network/virtualNetworks/prod-vnet/subnets/prod-subnet",
            "name": "prod-subnet",
            "private_endpoint_network_policies": "Enabled",
            "private_endpoint_network_policies_enabled": true,
            "private_link_service_network_policies_enabled": true,
            "resource_group_name": "rg-test-app",
            "service_endpoint_policy_ids": [],
            "service_endpoints": [],
            "timeouts": null,
            "virtual_network_name": "prod-vnet"
          },
          "sensitive_attributes": [],
          "identity_schema_version": 0,
          "private": "eyJlMmJmYjczMC1lY2FhLTExZTYtOGY4OC0zNDM2M2JjN2M0YzAiOnsiY3JlYXRlIjoxODAwMDAwMDAwMDAwLCJkZWxldGUiOjE4MDAwMDAwMDAwMDAsInJlYWQiOjMwMDAwMDAwMDAwMCwidXBkYXRlIjoxODAwMDAwMDAwMDAwfX0=",
          "dependencies": [
            "azurerm_resource_group.main",
            "azurerm_virtual_network.main"
          ]
        }
      ]
    },
    {
      "mode": "managed",
      "type": "azurerm_subnet_network_security_group_association",
      "name": "main",
      "provider": "provider[\"registry.terraform.io/hashicorp/azurerm\"]",
      "instances": [
        {
          "schema_version": 0,
          "attributes": {
            "id": "/subscriptions/fffb9850-32cd-4b14-94dd-89cc47187dc2/resourceGroups/rg-test-app/providers/Microsoft.Network/virtualNetworks/prod-vnet/subnets/prod-subnet",
            "network_security_group_id": "/subscriptions/fffb9850-32cd-4b14-94dd-89cc47187dc2/resourceGroups/rg-test-app/providers/Microsoft.Network/networkSecurityGroups/prod-nsg",
            "subnet_id": "/subscriptions/fffb9850-32cd-4b14-94dd-89cc47187dc2/resourceGroups/rg-test-app/providers/Microsoft.Network/virtualNetworks/prod-vnet/subnets/prod-subnet",
            "timeouts": null
          },
          "sensitive_attributes": [],
          "identity_schema_version": 0,
          "private": "eyJlMmJmYjczMC1lY2FhLTExZTYtOGY4OC0zNDM2M2JjN2M0YzAiOnsiY3JlYXRlIjoxODAwMDAwMDAwMDAwLCJkZWxldGUiOjE4MDAwMDAwMDAwMDAsInJlYWQiOjMwMDAwMDAwMDAwMH19",
          "dependencies": [
            "azurerm_network_security_group.main",
            "azurerm_resource_group.main",
            "azurerm_subnet.main",
            "azurerm_virtual_network.main"
          ]
        }
      ]
    },
    {
      "mode": "managed",
      "type": "azurerm_virtual_network",
      "name": "main",
      "provider": "provider[\"registry.terraform.io/hashicorp/azurerm\"]",
      "instances": [
        {
          "schema_version": 0,
          "attributes": {
            "address_space": [
              "10.0.0.0/16"
            ],
            "bgp_community": "",
            "ddos_protection_plan": [],
            "dns_servers": [],
            "edge_zone": "",
            "encryption": [],
            "flow_timeout_in_minutes": 0,
            "guid": "c70401ee-c8ee-4fd9-b595-9da82201c3b4",
            "id": "/subscriptions/fffb9850-32cd-4b14-94dd-89cc47187dc2/resourceGroups/rg-test-app/providers/Microsoft.Network/virtualNetworks/prod-vnet",
            "location": "southeastasia",
            "name": "prod-vnet",
            "resource_group_name": "rg-test-app",
            "subnet": [
              {
                "address_prefix": "10.0.1.0/24",
                "id": "/subscriptions/fffb9850-32cd-4b14-94dd-89cc47187dc2/resourceGroups/rg-test-app/providers/Microsoft.Network/virtualNetworks/prod-vnet/subnets/prod-subnet",
                "name": "prod-subnet",
                "security_group": "/subscriptions/fffb9850-32cd-4b14-94dd-89cc47187dc2/resourceGroups/rg-test-app/providers/Microsoft.Network/networkSecurityGroups/prod-nsg"
              }
            ],
            "tags": {},
            "timeouts": null
          },
          "sensitive_attributes": [],
          "identity_schema_version": 0,
          "private": "eyJlMmJmYjczMC1lY2FhLTExZTYtOGY4OC0zNDM2M2JjN2M0YzAiOnsiY3JlYXRlIjoxODAwMDAwMDAwMDAwLCJkZWxldGUiOjE4MDAwMDAwMDAwMDAsInJlYWQiOjMwMDAwMDAwMDAwMCwidXBkYXRlIjoxODAwMDAwMDAwMDAwfX0=",
          "dependencies": [
            "azurerm_resource_group.main"
          ]
        }
      ]
    }
  ],
  "check_results": null
}
