{
  "version": 4,
  "terraform_version": "1.13.5",
  "serial": 18,
  "lineage": "294c41bd-9a42-a94d-286d-4c9b95e066fe",
  "outputs": {
    "deployment_summary": {
      "value": {
        "public_ip": "4.193.187.133",
        "redis_endpoint": null,
        "ssh_access": "ssh azureuser@4.193.187.133"
      },
      "type": [
        "object",
        {
          "public_ip": "string",
          "redis_endpoint": "string",
          "ssh_access": "string"
        }
      ]
    },
    "nsg_id": {
      "value": "/subscriptions/fffb9850-32cd-4b14-94dd-89cc47187dc2/resourceGroups/rg-test-app/providers/Microsoft.Network/networkSecurityGroups/prod-nsg",
      "type": "string"
    },
    "private_ip_address": {
      "value": "10.0.1.4",
      "type": "string"
    },
    "public_ip_address": {
      "value": "4.193.187.133",
      "type": "string"
    },
    "public_ip_id": {
      "value": "/subscriptions/fffb9850-32cd-4b14-94dd-89cc47187dc2/resourceGroups/rg-test-app/providers/Microsoft.Network/publicIPAddresses/prod-pip",
      "type": "string"
    },
    "redis_cache_hostname": {
      "value": null,
      "type": "string"
    },
    "redis_cache_port": {
      "value": null,
      "type": "number"
    },
    "redis_cache_ssl_port": {
      "value": null,
      "type": "number"
    },
    "redis_connection_string": {
      "value": null,
      "type": "string",
      "sensitive": true
    },
    "redis_primary_access_key": {
      "value": null,
      "type": "string",
      "sensitive": true
    },
    "resource_group_id": {
      "value": "/subscriptions/fffb9850-32cd-4b14-94dd-89cc47187dc2/resourceGroups/rg-test-app",
      "type": "string"
    },
    "resource_group_name": {
      "value": "rg-test-app",
      "type": "string"
    },
    "ssh_connection_string": {
      "value": "ssh azureuser@4.193.187.133",
      "type": "string"
    },
    "subnet_id": {
      "value": "/subscriptions/fffb9850-32cd-4b14-94dd-89cc47187dc2/resourceGroups/rg-test-app/providers/Microsoft.Network/virtualNetworks/prod-vnet/subnets/prod-subnet",
      "type": "string"
    },
    "virtual_network_id": {
      "value": "/subscriptions/fffb9850-32cd-4b14-94dd-89cc47187dc2/resourceGroups/rg-test-app/providers/Microsoft.Network/virtualNetworks/prod-vnet",
      "type": "string"
    },
    "vm_admin_username": {
      "value": "azureuser",
      "type": "string"
    },
    "vm_id": {
      "value": "/subscriptions/fffb9850-32cd-4b14-94dd-89cc47187dc2/resourceGroups/rg-test-app/providers/Microsoft.Compute/virtualMachines/vm-app-server",
      "type": "string"
    },
    "vm_name": {
      "value": "vm-app-server",
      "type": "string"
    }
  },
  "resources": [
    {
      "mode": "managed",
      "type": "azurerm_linux_virtual_machine",
      "name": "main",
      "provider": "provider[\"registry.terraform.io/hashicorp/azurerm\"]",
      "instances": [
        {
          "schema_version": 0,
          "attributes": {
            "additional_capabilities": [],
            "admin_password": null,
            "admin_ssh_key": [
              {
                "public_key": "ssh-rsa AAAAB3NzaC1yc2EAAAADAQABAAABAQDWw0FBCgNYzzHDaD+FHQC8Xc3oGOiCBjzvVWCihCTBY0sH85m/db2vf+dIiIGUKQOHtAlkLDSmx7sMwjJqBF09ztocWG4RfngWcRwmRZD1UUAzYiovJRfT3+elGWC+Xosnihm/ifBvwV3pFglQfy3+4jjfWtmsLI2yw5km/9nCDmNsQO/mbvWpgfTtJ6qhLInhwTmN6Pp/isoQ4Lvu4SuOzghXgFXcp+e3kj0lM42iute7r3N9Ki5uZ3vxGbZNy7pumL1z13qf7NgIU8IyefWaJ3zUSw5CU9uikUM5Oi5O6crAJmkOvC587v3VHpjLJEiuKVyI/AbG7DCNKTniMSDp jeffyeh@Jeffs-MacBook-Air.local\n",
                "username": "azureuser"
              }
            ],
            "admin_username": "azureuser",
            "allow_extension_operations": true,
            "availability_set_id": "",
            "boot_diagnostics": [],
            "bypass_platform_safety_checks_on_user_schedule_enabled": false,
            "capacity_reservation_group_id": "",
            "computer_name": "vm-app-server",
            "custom_data": "IyEvYmluL2Jhc2gKIyBVc2VyIGRhdGEgc2NyaXB0IHRvIGluaXRpYWxpemUgdGhlIFZNIHdpdGggRG9ja2VyLCBOZ2lueCwgYW5kIG90aGVyIHNlcnZpY2VzCgpzZXQgLWUKCmVjaG8gIj09PSBTdGFydGluZyBWTSBpbml0aWFsaXphdGlvbiA9PT0iCgojIFVwZGF0ZSBzeXN0ZW0gcGFja2FnZXMKYXB0LWdldCB1cGRhdGUKYXB0LWdldCB1cGdyYWRlIC15CgojIEluc3RhbGwgRG9ja2VyCmFwdC1nZXQgaW5zdGFsbCAteSBjYS1jZXJ0aWZpY2F0ZXMgY3VybCBnbnVwZyBsc2ItcmVsZWFzZQoKIyBBZGQgRG9ja2VyJ3Mgb2ZmaWNpYWwgR1BHIGtleQpta2RpciAtcCAvZXRjL2FwdC9rZXlyaW5ncwpjdXJsIC1mc1NMIGh0dHBzOi8vZG93bmxvYWQuZG9ja2VyLmNvbS9saW51eC91YnVudHUvZ3BnIHwgZ3BnIC0tZGVhcm1vciAtbyAvZXRjL2FwdC9rZXlyaW5ncy9kb2NrZXIuZ3BnCgojIEFkZCBEb2NrZXIgcmVwb3NpdG9yeQplY2hvICJkZWIgW2FyY2g9JChkcGtnIC0tcHJpbnQtYXJjaGl0ZWN0dXJlKSBzaWduZWQtYnk9L2V0Yy9hcHQva2V5cmluZ3MvZG9ja2VyLmdwZ10gaHR0cHM6Ly9kb3dubG9hZC5kb2NrZXIuY29tL2xpbnV4L3VidW50dSAkKGxzYl9yZWxlYXNlIC1jcykgc3RhYmxlIiB8IHRlZSAvZXRjL2FwdC9zb3VyY2VzLmxpc3QuZC9kb2NrZXIubGlzdCA+IC9kZXYvbnVsbAoKIyBJbnN0YWxsIERvY2tlciBFbmdpbmUKYXB0LWdldCB1cGRhdGUKYXB0LWdldCBpbnN0YWxsIC15IGRvY2tlci1jZSBkb2NrZXItY2UtY2xpIGNvbnRhaW5lcmQuaW8gZG9ja2VyLWNvbXBvc2UtcGx1Z2luCgojIEVuYWJsZSBhbmQgc3RhcnQgRG9ja2VyCnN5c3RlbWN0bCBlbmFibGUgZG9ja2VyCnN5c3RlbWN0bCBzdGFydCBkb2NrZXIKCiMgSW5zdGFsbCBEb2NrZXIgQ29tcG9zZSAoc3RhbmRhbG9uZSkKbWtkaXIgLXAgL3Vzci9sb2NhbC9saWIvZG9ja2VyL2NsaS1wbHVnaW5zCmN1cmwgLVNMIGh0dHBzOi8vZ2l0aHViLmNvbS9kb2NrZXIvY29tcG9zZS9yZWxlYXNlcy9kb3dubG9hZC92Mi4yMC4yL2RvY2tlci1jb21wb3NlLWxpbnV4LXg4Nl82NCAtbyAvdXNyL2xvY2FsL2xpYi9kb2NrZXIvY2xpLXBsdWdpbnMvZG9ja2VyLWNvbXBvc2UKY2htb2QgK3ggL3Vzci9sb2NhbC9saWIvZG9ja2VyL2NsaS1wbHVnaW5zL2RvY2tlci1jb21wb3NlCgojIEluc3RhbGwgTmdpbngKYXB0LWdldCBpbnN0YWxsIC15IG5naW54CgojIEVuYWJsZSBhbmQgc3RhcnQgTmdpbngKc3lzdGVtY3RsIGVuYWJsZSBuZ2lueApzeXN0ZW1jdGwgc3RhcnQgbmdpbngKCiMgSW5zdGFsbCBOb2RlLmpzIChvcHRpb25hbCwgZm9yIGFwcGxpY2F0aW9uIHNlcnZpY2VzKQpjdXJsIC1mc1NMIGh0dHBzOi8vZGViLm5vZGVzb3VyY2UuY29tL3NldHVwXzIwLnggfCBiYXNoIC0KYXB0LWdldCBpbnN0YWxsIC15IG5vZGVqcwoKIyBJbnN0YWxsIGdpdAphcHQtZ2V0IGluc3RhbGwgLXkgZ2l0CgojIEluc3RhbGwgaHRvcCBhbmQgb3RoZXIgdXNlZnVsIHRvb2xzCmFwdC1nZXQgaW5zdGFsbCAteSBodG9wIGN1cmwgd2dldCBuYW5vIHZpbQoKIyBDcmVhdGUgYXBwbGljYXRpb24gZGlyZWN0b3J5Cm1rZGlyIC1wIC9vcHQvYXBwCgojIENyZWF0ZSBuZ2lueCBjb25maWd1cmF0aW9uIGRpcmVjdG9yeSBmb3IgU1NMCm1rZGlyIC1wIC9ldGMvbmdpbngvc3NsCgojIENyZWF0ZSBuZ2lueCByZXZlcnNlIHByb3h5IGNvbmZpZyB0ZW1wbGF0ZQpjYXQgPiAvZXRjL25naW54L3NpdGVzLWF2YWlsYWJsZS9kZWZhdWx0IDw8J0VPRicKc2VydmVyIHsKICAgIGxpc3RlbiA4MCBkZWZhdWx0X3NlcnZlcjsKICAgIGxpc3RlbiBbOjpdOjgwIGRlZmF1bHRfc2VydmVyOwogICAgc2VydmVyX25hbWUgXzsKCiAgICAjIFJlZGlyZWN0IEhUVFAgdG8gSFRUUFMKICAgIGxvY2F0aW9uIC8gewogICAgICAgIHJldHVybiAzMDEgaHR0cHM6Ly8kaG9zdCRyZXF1ZXN0X3VyaTsKICAgIH0KfQoKc2VydmVyIHsKICAgIGxpc3RlbiA0NDMgc3NsIGh0dHAyOwogICAgbGlzdGVuIFs6Ol06NDQzIHNzbCBodHRwMjsKICAgIHNlcnZlcl9uYW1lIF87CgogICAgIyBTU0wgY2VydGlmaWNhdGVzIChyZXBsYWNlIHdpdGggeW91ciBjZXJ0aWZpY2F0ZSBwYXRocykKICAgIHNzbF9jZXJ0aWZpY2F0ZSAvZXRjL25naW54L3NzbC9jZXJ0aWZpY2F0ZS5wZW07CiAgICBzc2xfY2VydGlmaWNhdGVfa2V5IC9ldGMvbmdpbngvc3NsL3ByaXZhdGUta2V5LnBlbTsKCiAgICAjIFNTTCBjb25maWd1cmF0aW9uCiAgICBzc2xfcHJvdG9jb2xzIFRMU3YxLjIgVExTdjEuMzsKICAgIHNzbF9jaXBoZXJzIEhJR0g6IWFOVUxMOiFNRDU7CiAgICBzc2xfcHJlZmVyX3NlcnZlcl9jaXBoZXJzIG9uOwoKICAgICMgTG9nZ2luZwogICAgYWNjZXNzX2xvZyAvdmFyL2xvZy9uZ2lueC9hY2Nlc3MubG9nOwogICAgZXJyb3JfbG9nIC92YXIvbG9nL25naW54L2Vycm9yLmxvZzsKCiAgICAjIEd6aXAgY29tcHJlc3Npb24KICAgIGd6aXAgb247CiAgICBnemlwX3R5cGVzIHRleHQvcGxhaW4gdGV4dC9jc3MgYXBwbGljYXRpb24vanNvbiBhcHBsaWNhdGlvbi9qYXZhc2NyaXB0IHRleHQveG1sIGFwcGxpY2F0aW9uL3htbCBhcHBsaWNhdGlvbi94bWwrcnNzIHRleHQvamF2YXNjcmlwdDsKCiAgICAjIFJldmVyc2UgcHJveHkgdG8gYmFja2VuZCBzZXJ2aWNlcwogICAgbG9jYXRpb24gLyB7CiAgICAgICAgcHJveHlfcGFzcyBodHRwOi8vbG9jYWxob3N0OjMwMDA7CiAgICAgICAgcHJveHlfaHR0cF92ZXJzaW9uIDEuMTsKICAgICAgICBwcm94eV9zZXRfaGVhZGVyIFVwZ3JhZGUgJGh0dHBfdXBncmFkZTsKICAgICAgICBwcm94eV9zZXRfaGVhZGVyIENvbm5lY3Rpb24gJ3VwZ3JhZGUnOwogICAgICAgIHByb3h5X3NldF9oZWFkZXIgSG9zdCAkaG9zdDsKICAgICAgICBwcm94eV9jYWNoZV9ieXBhc3MgJGh0dHBfdXBncmFkZTsKICAgIH0KCiAgICAjIEhlYWx0aCBjaGVjayBlbmRwb2ludAogICAgbG9jYXRpb24gL2hlYWx0aCB7CiAgICAgICAgcmV0dXJuIDIwMCAiaGVhbHRoeVxuIjsKICAgICAgICBhZGRfaGVhZGVyIENvbnRlbnQtVHlwZSB0ZXh0L3BsYWluOwogICAgfQp9CkVPRgoKIyBUZXN0IG5naW54IGNvbmZpZ3VyYXRpb24KbmdpbnggLXQKCiMgQ3JlYXRlIGRvY2tlci1jb21wb3NlIHRlbXBsYXRlIGZvciBNb25nb0RCIGNsdXN0ZXIKY2F0ID4gL29wdC9hcHAvZG9ja2VyLWNvbXBvc2UtbW9uZ29kYi55bWwgPDwnRU9GJwp2ZXJzaW9uOiAnMy44JwoKc2VydmljZXM6CiAgbW9uZ28xOgogICAgaW1hZ2U6IG1vbmdvOjcuMAogICAgY29udGFpbmVyX25hbWU6IG1vbmdvMQogICAgY29tbWFuZDogbW9uZ29kIC0tcmVwbFNldCByczAgLS1iaW5kX2lwIDAuMC4wLjAKICAgIHBvcnRzOgogICAgICAtICIyNzAxNzoyNzAxNyIKICAgIG5ldHdvcmtzOgogICAgICAtIG1vbmdvLW5ldHdvcmsKICAgIHZvbHVtZXM6CiAgICAgIC0gbW9uZ28xLWRhdGE6L2RhdGEvZGIKCiAgbW9uZ28yOgogICAgaW1hZ2U6IG1vbmdvOjcuMAogICAgY29udGFpbmVyX25hbWU6IG1vbmdvMgogICAgY29tbWFuZDogbW9uZ29kIC0tcmVwbFNldCByczAgLS1iaW5kX2lwIDAuMC4wLjAKICAgIHBvcnRzOgogICAgICAtICIyNzAxODoyNzAxNyIKICAgIG5ldHdvcmtzOgogICAgICAtIG1vbmdvLW5ldHdvcmsKICAgIHZvbHVtZXM6CiAgICAgIC0gbW9uZ28yLWRhdGE6L2RhdGEvZGIKICAgIGRlcGVuZHNfb246CiAgICAgIC0gbW9uZ28xCgogIG1vbmdvMzoKICAgIGltYWdlOiBtb25nbzo3LjAKICAgIGNvbnRhaW5lcl9uYW1lOiBtb25nbzMKICAgIGNvbW1hbmQ6IG1vbmdvZCAtLXJlcGxTZXQgcnMwIC0tYmluZF9pcCAwLjAuMC4wCiAgICBwb3J0czoKICAgICAgLSAiMjcwMTk6MjcwMTciCiAgICBuZXR3b3JrczoKICAgICAgLSBtb25nby1uZXR3b3JrCiAgICB2b2x1bWVzOgogICAgICAtIG1vbmdvMy1kYXRhOi9kYXRhL2RiCiAgICBkZXBlbmRzX29uOgogICAgICAtIG1vbmdvMQoKbmV0d29ya3M6CiAgbW9uZ28tbmV0d29yazoKICAgIGRyaXZlcjogYnJpZGdlCgp2b2x1bWVzOgogIG1vbmdvMS1kYXRhOgogIG1vbmdvMi1kYXRhOgogIG1vbmdvMy1kYXRhOgpFT0YKCiMgSW5pdGlhbGl6ZSBNb25nb0RCIHJlcGxpY2Egc2V0IChydW4gYWZ0ZXIgTW9uZ29EQiBjb250YWluZXJzIGFyZSB1cCkKY2F0ID4gL29wdC9hcHAvaW5pdC1tb25nby1yZXBsaWNhLnNoIDw8J0VPRicKIyEvYmluL2Jhc2gKZG9ja2VyIGV4ZWMgbW9uZ28xIG1vbmdvc2ggLS1ldmFsICIKcnMuaW5pdGlhdGUoewogIF9pZDogJ3JzMCcsCiAgbWVtYmVyczogWwogICAge19pZDogMCwgaG9zdDogJ21vbmdvMToyNzAxNyd9LAogICAge19pZDogMSwgaG9zdDogJ21vbmdvMjoyNzAxNyd9LAogICAge19pZDogMiwgaG9zdDogJ21vbmdvMzoyNzAxNyd9CiAgXQp9KSIKRU9GCgpjaG1vZCAreCAvb3B0L2FwcC9pbml0LW1vbmdvLXJlcGxpY2Euc2gKCmVjaG8gIj09PSBWTSBpbml0aWFsaXphdGlvbiBjb21wbGV0ZWQgPT09IgplY2hvICJEb2NrZXIsIERvY2tlciBDb21wb3NlLCBOZ2lueCwgYW5kIE5vZGUuanMgaGF2ZSBiZWVuIGluc3RhbGxlZCIKZWNobyAiTW9uZ29EQiBkb2NrZXItY29tcG9zZSB0ZW1wbGF0ZSBpcyByZWFkeSBhdCAvb3B0L2FwcC9kb2NrZXItY29tcG9zZS1tb25nb2RiLnltbCIKZWNobyAiIgplY2hvICJOZXh0IHN0ZXBzOiIKZWNobyAiMS4gVXBsb2FkIHlvdXIgU1NMIGNlcnRpZmljYXRlcyB0byAvZXRjL25naW54L3NzbC8iCmVjaG8gIjIuIFVwZGF0ZSBuZ2lueCBjb25maWd1cmF0aW9uIHdpdGggeW91ciBkb21haW4gYW5kIGJhY2tlbmQgc2VydmljZSBwb3J0IgplY2hvICIzLiBEZXBsb3kgTW9uZ29EQiBjbHVzdGVyOiBkb2NrZXIgY29tcG9zZSAtZiAvb3B0L2FwcC9kb2NrZXItY29tcG9zZS1tb25nb2RiLnltbCB1cCAtZCIKZWNobyAiNC4gSW5pdGlhbGl6ZSByZXBsaWNhIHNldDogL29wdC9hcHAvaW5pdC1tb25nby1yZXBsaWNhLnNoIgplY2hvICI1LiBEZXBsb3kgeW91ciBhcHBsaWNhdGlvbiB1c2luZyBEb2NrZXIgY29udGFpbmVycyIK",
            "dedicated_host_group_id": "",
            "dedicated_host_id": "",
            "disable_password_authentication": true,
            "disk_controller_type": "SCSI",
            "edge_zone": "",
            "encryption_at_host_enabled": false,
            "eviction_policy": "",
            "extensions_time_budget": "PT1H30M",
            "gallery_application": [],
            "id": "/subscriptions/fffb9850-32cd-4b14-94dd-89cc47187dc2/resourceGroups/rg-test-app/providers/Microsoft.Compute/virtualMachines/vm-app-server",
            "identity": [],
            "license_type": "",
            "location": "southeastasia",
            "max_bid_price": -1,
            "name": "vm-app-server",
            "network_interface_ids": [
              "/subscriptions/fffb9850-32cd-4b14-94dd-89cc47187dc2/resourceGroups/rg-test-app/providers/Microsoft.Network/networkInterfaces/prod-nic"
            ],
            "os_disk": [
              {
                "caching": "ReadWrite",
                "diff_disk_settings": [],
                "disk_encryption_set_id": "",
                "disk_size_gb": 256,
                "name": "vm-app-server_OsDisk_1_0d3acae0e069443c945aae6eafc75365",
                "secure_vm_disk_encryption_set_id": "",
                "security_encryption_type": "",
                "storage_account_type": "Premium_LRS",
                "write_accelerator_enabled": false
              }
            ],
            "os_image_notification": [],
            "patch_assessment_mode": "ImageDefault",
            "patch_mode": "ImageDefault",
            "plan": [],
            "platform_fault_domain": -1,
            "priority": "Regular",
            "private_ip_address": "10.0.1.4",
            "private_ip_addresses": [
              "10.0.1.4"
            ],
            "provision_vm_agent": true,
            "proximity_placement_group_id": "",
            "public_ip_address": "4.193.187.133",
            "public_ip_addresses": [
              "4.193.187.133"
            ],
            "reboot_setting": "",
            "resource_group_name": "rg-test-app",
            "secret": [],
            "secure_boot_enabled": false,
            "size": "Standard_D2ds_v5",
            "source_image_id": "",
            "source_image_reference": [
              {
                "offer": "0001-com-ubuntu-server-jammy",
                "publisher": "Canonical",
                "sku": "22_04-lts-gen2",
                "version": "latest"
              }
            ],
            "tags": null,
            "termination_notification": null,
            "timeouts": null,
            "user_data": "",
            "virtual_machine_id": "0ad4733b-6724-4a7f-9f84-3b986d379b4b",
            "virtual_machine_scale_set_id": "",
            "vm_agent_platform_updates_enabled": false,
            "vtpm_enabled": false,
            "zone": ""
          },
          "sensitive_attributes": [
            [
              {
                "type": "get_attr",
                "value": "admin_password"
              }
            ],
            [
              {
                "type": "get_attr",
                "value": "custom_data"
              }
            ]
          ],
          "identity_schema_version": 0,
          "private": "eyJlMmJmYjczMC1lY2FhLTExZTYtOGY4OC0zNDM2M2JjN2M0YzAiOnsiY3JlYXRlIjoyNzAwMDAwMDAwMDAwLCJkZWxldGUiOjI3MDAwMDAwMDAwMDAsInJlYWQiOjMwMDAwMDAwMDAwMCwidXBkYXRlIjoyNzAwMDAwMDAwMDAwfX0=",
          "dependencies": [
            "azurerm_network_interface.main",
            "azurerm_public_ip.main",
            "azurerm_resource_group.main",
            "azurerm_subnet.main",
            "azurerm_virtual_network.main"
          ]
        }
      ]
    },
    {
      "mode": "managed",
      "type": "azurerm_network_interface",
      "name": "main",
      "provider": "provider[\"registry.terraform.io/hashicorp/azurerm\"]",
      "instances": [
        {
          "schema_version": 0,
          "attributes": {
            "accelerated_networking_enabled": false,
            "applied_dns_servers": [],
            "auxiliary_mode": "",
            "auxiliary_sku": "",
            "dns_servers": [],
            "edge_zone": "",
            "enable_accelerated_networking": false,
            "enable_ip_forwarding": false,
            "id": "/subscriptions/fffb9850-32cd-4b14-94dd-89cc47187dc2/resourceGroups/rg-test-app/providers/Microsoft.Network/networkInterfaces/prod-nic",
            "internal_dns_name_label": "",
            "internal_domain_name_suffix": "3yaqjr5ozdmu5nmvtwuceaodwe.ix.internal.cloudapp.net",
            "ip_configuration": [
              {
                "gateway_load_balancer_frontend_ip_configuration_id": "",
                "name": "primary",
                "primary": true,
                "private_ip_address": "10.0.1.4",
                "private_ip_address_allocation": "Dynamic",
                "private_ip_address_version": "IPv4",
                "public_ip_address_id": "/subscriptions/fffb9850-32cd-4b14-94dd-89cc47187dc2/resourceGroups/rg-test-app/providers/Microsoft.Network/publicIPAddresses/prod-pip",
                "subnet_id": "/subscriptions/fffb9850-32cd-4b14-94dd-89cc47187dc2/resourceGroups/rg-test-app/providers/Microsoft.Network/virtualNetworks/prod-vnet/subnets/prod-subnet"
              }
            ],
            "ip_forwarding_enabled": false,
            "location": "southeastasia",
            "mac_address": "",
            "name": "prod-nic",
            "private_ip_address": "10.0.1.4",
            "private_ip_addresses": [
              "10.0.1.4"
            ],
            "resource_group_name": "rg-test-app",
            "tags": {},
            "timeouts": null,
            "virtual_machine_id": ""
          },
          "sensitive_attributes": [],
          "identity_schema_version": 0,
          "private": "eyJlMmJmYjczMC1lY2FhLTExZTYtOGY4OC0zNDM2M2JjN2M0YzAiOnsiY3JlYXRlIjoxODAwMDAwMDAwMDAwLCJkZWxldGUiOjE4MDAwMDAwMDAwMDAsInJlYWQiOjMwMDAwMDAwMDAwMCwidXBkYXRlIjoxODAwMDAwMDAwMDAwfX0=",
          "dependencies": [
            "azurerm_public_ip.main",
            "azurerm_resource_group.main",
            "azurerm_subnet.main",
            "azurerm_virtual_network.main"
          ]
        }
      ]
    },
    {
      "mode": "managed",
      "type": "azurerm_network_security_group",
      "name": "main",
      "provider": "provider[\"registry.terraform.io/hashicorp/azurerm\"]",
      "instances": [
        {
          "schema_version": 0,
          "attributes": {
            "id": "/subscriptions/fffb9850-32cd-4b14-94dd-89cc47187dc2/resourceGroups/rg-test-app/providers/Microsoft.Network/networkSecurityGroups/prod-nsg",
            "location": "southeastasia",
            "name": "prod-nsg",
            "resource_group_name": "rg-test-app",
            "security_rule": [
              {
                "access": "Allow",
                "description": "",
                "destination_address_prefix": "*",
                "destination_address_prefixes": [],
                "destination_application_security_group_ids": [],
                "destination_port_range": "22",
                "destination_port_ranges": [],
                "direction": "Inbound",
                "name": "AllowSSH",
                "priority": 102,
                "protocol": "Tcp",
                "source_address_prefix": "*",
                "source_address_prefixes": [],
                "source_application_security_group_ids": [],
                "source_port_range": "*",
                "source_port_ranges": []
              },
              {
                "access": "Allow",
                "description": "",
                "destination_address_prefix": "*",
                "destination_address_prefixes": [],
                "destination_application_security_group_ids": [],
                "destination_port_range": "443",
                "destination_port_ranges": [],
                "direction": "Inbound",
                "name": "AllowHTTPS",
                "priority": 101,
                "protocol": "Tcp",
                "source_address_prefix": "*",
                "source_address_prefixes": [],
                "source_application_security_group_ids": [],
                "source_port_range": "*",
                "source_port_ranges": []
              },
              {
                "access": "Allow",
                "description": "",
                "destination_address_prefix": "*",
                "destination_address_prefixes": [],
                "destination_application_security_group_ids": [],
                "destination_port_range": "80",
                "destination_port_ranges": [],
                "direction": "Inbound",
                "name": "AllowHTTP",
                "priority": 100,
                "protocol": "Tcp",
                "source_address_prefix": "*",
                "source_address_prefixes": [],
                "source_application_security_group_ids": [],
                "source_port_range": "*",
                "source_port_ranges": []
              }
            ],
            "tags": {},
            "timeouts": null
          },
          "sensitive_attributes": [],
          "identity_schema_version": 0,
          "private": "eyJlMmJmYjczMC1lY2FhLTExZTYtOGY4OC0zNDM2M2JjN2M0YzAiOnsiY3JlYXRlIjoxODAwMDAwMDAwMDAwLCJkZWxldGUiOjE4MDAwMDAwMDAwMDAsInJlYWQiOjMwMDAwMDAwMDAwMCwidXBkYXRlIjoxODAwMDAwMDAwMDAwfX0=",
          "dependencies": [
            "azurerm_resource_group.main"
          ]
        }
      ]
    },
    {
      "mode": "managed",
      "type": "azurerm_public_ip",
      "name": "main",
      "provider": "provider[\"registry.terraform.io/hashicorp/azurerm\"]",
      "instances": [
        {
          "schema_version": 0,
          "attributes": {
            "allocation_method": "Static",
            "ddos_protection_mode": "VirtualNetworkInherited",
            "ddos_protection_plan_id": null,
            "domain_name_label": null,
            "edge_zone": "",
            "fqdn": null,
            "id": "/subscriptions/fffb9850-32cd-4b14-94dd-89cc47187dc2/resourceGroups/rg-test-app/providers/Microsoft.Network/publicIPAddresses/prod-pip",
            "idle_timeout_in_minutes": 4,
            "ip_address": "4.193.187.133",
            "ip_tags": {},
            "ip_version": "IPv4",
            "location": "southeastasia",
            "name": "prod-pip",
            "public_ip_prefix_id": null,
            "resource_group_name": "rg-test-app",
            "reverse_fqdn": null,
            "sku": "Standard",
            "sku_tier": "Regional",
            "tags": {},
            "timeouts": null,
            "zones": []
          },
          "sensitive_attributes": [],
          "identity_schema_version": 0,
          "private": "eyJlMmJmYjczMC1lY2FhLTExZTYtOGY4OC0zNDM2M2JjN2M0YzAiOnsiY3JlYXRlIjoxODAwMDAwMDAwMDAwLCJkZWxldGUiOjE4MDAwMDAwMDAwMDAsInJlYWQiOjMwMDAwMDAwMDAwMCwidXBkYXRlIjoxODAwMDAwMDAwMDAwfX0=",
          "dependencies": [
            "azurerm_resource_group.main"
          ]
        }
      ]
    },
    {
      "mode": "managed",
      "type": "azurerm_resource_group",
      "name": "main",
      "provider": "provider[\"registry.terraform.io/hashicorp/azurerm\"]",
      "instances": [
        {
          "schema_version": 0,
          "attributes": {
            "id": "/subscriptions/fffb9850-32cd-4b14-94dd-89cc47187dc2/resourceGroups/rg-test-app",
            "location": "southeastasia",
            "managed_by": "",
            "name": "rg-test-app",
            "tags": {},
            "timeouts": null
          },
          "sensitive_attributes": [],
          "identity_schema_version": 0,
          "private": "eyJlMmJmYjczMC1lY2FhLTExZTYtOGY4OC0zNDM2M2JjN2M0YzAiOnsiY3JlYXRlIjo1NDAwMDAwMDAwMDAwLCJkZWxldGUiOjU0MDAwMDAwMDAwMDAsInJlYWQiOjMwMDAwMDAwMDAwMCwidXBkYXRlIjo1NDAwMDAwMDAwMDAwfX0="
        }
      ]
    },
    {
      "mode": "managed",
      "type": "azurerm_subnet",
      "name": "main",
      "provider": "provider[\"registry.terraform.io/hashicorp/azurerm\"]",
      "instances": [
        {
          "schema_version": 0,
          "attributes": {
            "address_prefixes": [
              "10.0.1.0/24"
            ],
            "default_outbound_access_enabled": true,
            "delegation": [],
            "enforce_private_link_endpoint_network_policies": false,
            "enforce_private_link_service_network_policies": false,
            "id": "/subscriptions/fffb9850-32cd-4b14-94dd-89cc47187dc2/resourceGroups/rg-test-app/providers/Microsoft.Network/virtualNetworks/prod-vnet/subnets/prod-subnet",
            "name": "prod-subnet",
            "private_endpoint_network_policies": "Enabled",
            "private_endpoint_network_policies_enabled": true,
            "private_link_service_network_policies_enabled": true,
            "resource_group_name": "rg-test-app",
            "service_endpoint_policy_ids": [],
            "service_endpoints": [],
            "timeouts": null,
            "virtual_network_name": "prod-vnet"
          },
          "sensitive_attributes": [],
          "identity_schema_version": 0,
          "private": "eyJlMmJmYjczMC1lY2FhLTExZTYtOGY4OC0zNDM2M2JjN2M0YzAiOnsiY3JlYXRlIjoxODAwMDAwMDAwMDAwLCJkZWxldGUiOjE4MDAwMDAwMDAwMDAsInJlYWQiOjMwMDAwMDAwMDAwMCwidXBkYXRlIjoxODAwMDAwMDAwMDAwfX0=",
          "dependencies": [
            "azurerm_resource_group.main",
            "azurerm_virtual_network.main"
          ]
        }
      ]
    },
    {
      "mode": "managed",
      "type": "azurerm_subnet_network_security_group_association",
      "name": "main",
      "provider": "provider[\"registry.terraform.io/hashicorp/azurerm\"]",
      "instances": [
        {
          "schema_version": 0,
          "attributes": {
            "id": "/subscriptions/fffb9850-32cd-4b14-94dd-89cc47187dc2/resourceGroups/rg-test-app/providers/Microsoft.Network/virtualNetworks/prod-vnet/subnets/prod-subnet",
            "network_security_group_id": "/subscriptions/fffb9850-32cd-4b14-94dd-89cc47187dc2/resourceGroups/rg-test-app/providers/Microsoft.Network/networkSecurityGroups/prod-nsg",
            "subnet_id": "/subscriptions/fffb9850-32cd-4b14-94dd-89cc47187dc2/resourceGroups/rg-test-app/providers/Microsoft.Network/virtualNetworks/prod-vnet/subnets/prod-subnet",
            "timeouts": null
          },
          "sensitive_attributes": [],
          "identity_schema_version": 0,
          "private": "eyJlMmJmYjczMC1lY2FhLTExZTYtOGY4OC0zNDM2M2JjN2M0YzAiOnsiY3JlYXRlIjoxODAwMDAwMDAwMDAwLCJkZWxldGUiOjE4MDAwMDAwMDAwMDAsInJlYWQiOjMwMDAwMDAwMDAwMH19",
          "dependencies": [
            "azurerm_network_security_group.main",
            "azurerm_resource_group.main",
            "azurerm_subnet.main",
            "azurerm_virtual_network.main"
          ]
        }
      ]
    },
    {
      "mode": "managed",
      "type": "azurerm_virtual_network",
      "name": "main",
      "provider": "provider[\"registry.terraform.io/hashicorp/azurerm\"]",
      "instances": [
        {
          "schema_version": 0,
          "attributes": {
            "address_space": [
              "10.0.0.0/16"
            ],
            "bgp_community": "",
            "ddos_protection_plan": [],
            "dns_servers": [],
            "edge_zone": "",
            "encryption": [],
            "flow_timeout_in_minutes": 0,
            "guid": "c70401ee-c8ee-4fd9-b595-9da82201c3b4",
            "id": "/subscriptions/fffb9850-32cd-4b14-94dd-89cc47187dc2/resourceGroups/rg-test-app/providers/Microsoft.Network/virtualNetworks/prod-vnet",
            "location": "southeastasia",
            "name": "prod-vnet",
            "resource_group_name": "rg-test-app",
            "subnet": [
              {
                "address_prefix": "10.0.1.0/24",
                "id": "/subscriptions/fffb9850-32cd-4b14-94dd-89cc47187dc2/resourceGroups/rg-test-app/providers/Microsoft.Network/virtualNetworks/prod-vnet/subnets/prod-subnet",
                "name": "prod-subnet",
                "security_group": "/subscriptions/fffb9850-32cd-4b14-94dd-89cc47187dc2/resourceGroups/rg-test-app/providers/Microsoft.Network/networkSecurityGroups/prod-nsg"
              }
            ],
            "tags": {},
            "timeouts": null
          },
          "sensitive_attributes": [],
          "identity_schema_version": 0,
          "private": "eyJlMmJmYjczMC1lY2FhLTExZTYtOGY4OC0zNDM2M2JjN2M0YzAiOnsiY3JlYXRlIjoxODAwMDAwMDAwMDAwLCJkZWxldGUiOjE4MDAwMDAwMDAwMDAsInJlYWQiOjMwMDAwMDAwMDAwMCwidXBkYXRlIjoxODAwMDAwMDAwMDAwfX0=",
          "dependencies": [
            "azurerm_resource_group.main"
          ]
        }
      ]
    }
  ],
  "check_results": null
}
